// !$*UTF8*$!
{
	archiveVersion = 1;
	classes = {
	};
	objectVersion = 46;
	objects = {

/* Begin PBXBuildFile section */
		EE83436B19EC784D000B2A41 /* AppDelegate.swift in Sources */ = {isa = PBXBuildFile; fileRef = EE83436A19EC784D000B2A41 /* AppDelegate.swift */; };
		EE83436D19EC784D000B2A41 /* ViewController.swift in Sources */ = {isa = PBXBuildFile; fileRef = EE83436C19EC784D000B2A41 /* ViewController.swift */; };
		EE83437019EC784D000B2A41 /* Main.storyboard in Resources */ = {isa = PBXBuildFile; fileRef = EE83436E19EC784D000B2A41 /* Main.storyboard */; };
		EE83437219EC784D000B2A41 /* Images.xcassets in Resources */ = {isa = PBXBuildFile; fileRef = EE83437119EC784D000B2A41 /* Images.xcassets */; };
		EE83437519EC784D000B2A41 /* LaunchScreen.xib in Resources */ = {isa = PBXBuildFile; fileRef = EE83437319EC784D000B2A41 /* LaunchScreen.xib */; };
		EE83438119EC784D000B2A41 /* HaikyuTests.swift in Sources */ = {isa = PBXBuildFile; fileRef = EE83438019EC784D000B2A41 /* HaikyuTests.swift */; };
/* End PBXBuildFile section */

/* Begin PBXContainerItemProxy section */
		EE83437B19EC784D000B2A41 /* PBXContainerItemProxy */ = {
			isa = PBXContainerItemProxy;
			containerPortal = EE83435D19EC784D000B2A41 /* Project object */;
			proxyType = 1;
			remoteGlobalIDString = EE83436419EC784D000B2A41;
			remoteInfo = Haikyu;
		};
/* End PBXContainerItemProxy section */

/* Begin PBXFileReference section */
		EE83436519EC784D000B2A41 /* Haikyu.app */ = {isa = PBXFileReference; explicitFileType = wrapper.application; includeInIndex = 0; path = Haikyu.app; sourceTree = BUILT_PRODUCTS_DIR; };
		EE83436919EC784D000B2A41 /* Info.plist */ = {isa = PBXFileReference; lastKnownFileType = text.plist.xml; path = Info.plist; sourceTree = "<group>"; };
		EE83436A19EC784D000B2A41 /* AppDelegate.swift */ = {isa = PBXFileReference; lastKnownFileType = sourcecode.swift; path = AppDelegate.swift; sourceTree = "<group>"; };
		EE83436C19EC784D000B2A41 /* ViewController.swift */ = {isa = PBXFileReference; lastKnownFileType = sourcecode.swift; path = ViewController.swift; sourceTree = "<group>"; };
		EE83436F19EC784D000B2A41 /* Base */ = {isa = PBXFileReference; lastKnownFileType = file.storyboard; name = Base; path = Base.lproj/Main.storyboard; sourceTree = "<group>"; };
		EE83437119EC784D000B2A41 /* Images.xcassets */ = {isa = PBXFileReference; lastKnownFileType = folder.assetcatalog; path = Images.xcassets; sourceTree = "<group>"; };
		EE83437419EC784D000B2A41 /* Base */ = {isa = PBXFileReference; lastKnownFileType = file.xib; name = Base; path = Base.lproj/LaunchScreen.xib; sourceTree = "<group>"; };
		EE83437A19EC784D000B2A41 /* HaikyuTests.xctest */ = {isa = PBXFileReference; explicitFileType = wrapper.cfbundle; includeInIndex = 0; path = HaikyuTests.xctest; sourceTree = BUILT_PRODUCTS_DIR; };
		EE83437F19EC784D000B2A41 /* Info.plist */ = {isa = PBXFileReference; lastKnownFileType = text.plist.xml; path = Info.plist; sourceTree = "<group>"; };
		EE83438019EC784D000B2A41 /* HaikyuTests.swift */ = {isa = PBXFileReference; lastKnownFileType = sourcecode.swift; path = HaikyuTests.swift; sourceTree = "<group>"; };
/* End PBXFileReference section */

/* Begin PBXFrameworksBuildPhase section */
		EE83436219EC784D000B2A41 /* Frameworks */ = {
			isa = PBXFrameworksBuildPhase;
			buildActionMask = 2147483647;
			files = (
			);
			runOnlyForDeploymentPostprocessing = 0;
		};
		EE83437719EC784D000B2A41 /* Frameworks */ = {
			isa = PBXFrameworksBuildPhase;
			buildActionMask = 2147483647;
			files = (
			);
			runOnlyForDeploymentPostprocessing = 0;
		};
/* End PBXFrameworksBuildPhase section */

/* Begin PBXGroup section */
		EE83435C19EC784D000B2A41 = {
			isa = PBXGroup;
			children = (
				EE83436719EC784D000B2A41 /* Haikyu */,
				EE83437D19EC784D000B2A41 /* HaikyuTests */,
				EE83436619EC784D000B2A41 /* Products */,
			);
			sourceTree = "<group>";
		};
		EE83436619EC784D000B2A41 /* Products */ = {
			isa = PBXGroup;
			children = (
				EE83436519EC784D000B2A41 /* Haikyu.app */,
				EE83437A19EC784D000B2A41 /* HaikyuTests.xctest */,
			);
			name = Products;
			sourceTree = "<group>";
		};
		EE83436719EC784D000B2A41 /* Haikyu */ = {
			isa = PBXGroup;
			children = (
				EE83436A19EC784D000B2A41 /* AppDelegate.swift */,
				EE83436C19EC784D000B2A41 /* ViewController.swift */,
				EE83436E19EC784D000B2A41 /* Main.storyboard */,
				EE83437119EC784D000B2A41 /* Images.xcassets */,
				EE83437319EC784D000B2A41 /* LaunchScreen.xib */,
				EE83436819EC784D000B2A41 /* Supporting Files */,
			);
			path = Haikyu;
			sourceTree = "<group>";
		};
		EE83436819EC784D000B2A41 /* Supporting Files */ = {
			isa = PBXGroup;
			children = (
				EE83436919EC784D000B2A41 /* Info.plist */,
			);
			name = "Supporting Files";
			sourceTree = "<group>";
		};
		EE83437D19EC784D000B2A41 /* HaikyuTests */ = {
			isa = PBXGroup;
			children = (
				EE83438019EC784D000B2A41 /* HaikyuTests.swift */,
				EE83437E19EC784D000B2A41 /* Supporting Files */,
			);
			path = HaikyuTests;
			sourceTree = "<group>";
		};
		EE83437E19EC784D000B2A41 /* Supporting Files */ = {
			isa = PBXGroup;
			children = (
				EE83437F19EC784D000B2A41 /* Info.plist */,
			);
			name = "Supporting Files";
			sourceTree = "<group>";
		};
/* End PBXGroup section */

/* Begin PBXNativeTarget section */
		EE83436419EC784D000B2A41 /* Haikyu */ = {
			isa = PBXNativeTarget;
			buildConfigurationList = EE83438419EC784D000B2A41 /* Build configuration list for PBXNativeTarget "Haikyu" */;
			buildPhases = (
				EE83436119EC784D000B2A41 /* Sources */,
				EE83436219EC784D000B2A41 /* Frameworks */,
				EE83436319EC784D000B2A41 /* Resources */,
			);
			buildRules = (
			);
			dependencies = (
			);
			name = Haikyu;
			productName = Haikyu;
			productReference = EE83436519EC784D000B2A41 /* Haikyu.app */;
			productType = "com.apple.product-type.application";
		};
		EE83437919EC784D000B2A41 /* HaikyuTests */ = {
			isa = PBXNativeTarget;
			buildConfigurationList = EE83438719EC784D000B2A41 /* Build configuration list for PBXNativeTarget "HaikyuTests" */;
			buildPhases = (
				EE83437619EC784D000B2A41 /* Sources */,
				EE83437719EC784D000B2A41 /* Frameworks */,
				EE83437819EC784D000B2A41 /* Resources */,
			);
			buildRules = (
			);
			dependencies = (
				EE83437C19EC784D000B2A41 /* PBXTargetDependency */,
			);
			name = HaikyuTests;
			productName = HaikyuTests;
			productReference = EE83437A19EC784D000B2A41 /* HaikyuTests.xctest */;
			productType = "com.apple.product-type.bundle.unit-test";
		};
/* End PBXNativeTarget section */

/* Begin PBXProject section */
		EE83435D19EC784D000B2A41 /* Project object */ = {
			isa = PBXProject;
			attributes = {
				LastUpgradeCheck = 0600;
				ORGANIZATIONNAME = "John Nguyen";
				TargetAttributes = {
					EE83436419EC784D000B2A41 = {
						CreatedOnToolsVersion = 6.0.1;
					};
					EE83437919EC784D000B2A41 = {
						CreatedOnToolsVersion = 6.0.1;
						TestTargetID = EE83436419EC784D000B2A41;
					};
				};
			};
			buildConfigurationList = EE83436019EC784D000B2A41 /* Build configuration list for PBXProject "Haikyu" */;
			compatibilityVersion = "Xcode 3.2";
			developmentRegion = English;
			hasScannedForEncodings = 0;
			knownRegions = (
				en,
				Base,
			);
			mainGroup = EE83435C19EC784D000B2A41;
			productRefGroup = EE83436619EC784D000B2A41 /* Products */;
			projectDirPath = "";
			projectRoot = "";
			targets = (
				EE83436419EC784D000B2A41 /* Haikyu */,
				EE83437919EC784D000B2A41 /* HaikyuTests */,
			);
		};
/* End PBXProject section */

/* Begin PBXResourcesBuildPhase section */
		EE83436319EC784D000B2A41 /* Resources */ = {
			isa = PBXResourcesBuildPhase;
			buildActionMask = 2147483647;
			files = (
				EE83437019EC784D000B2A41 /* Main.storyboard in Resources */,
				EE83437519EC784D000B2A41 /* LaunchScreen.xib in Resources */,
				EE83437219EC784D000B2A41 /* Images.xcassets in Resources */,
			);
			runOnlyForDeploymentPostprocessing = 0;
		};
		EE83437819EC784D000B2A41 /* Resources */ = {
			isa = PBXResourcesBuildPhase;
			buildActionMask = 2147483647;
			files = (
			);
			runOnlyForDeploymentPostprocessing = 0;
		};
/* End PBXResourcesBuildPhase section */

/* Begin PBXSourcesBuildPhase section */
		EE83436119EC784D000B2A41 /* Sources */ = {
			isa = PBXSourcesBuildPhase;
			buildActionMask = 2147483647;
			files = (
				EE83436D19EC784D000B2A41 /* ViewController.swift in Sources */,
				EE83436B19EC784D000B2A41 /* AppDelegate.swift in Sources */,
			);
			runOnlyForDeploymentPostprocessing = 0;
		};
		EE83437619EC784D000B2A41 /* Sources */ = {
			isa = PBXSourcesBuildPhase;
			buildActionMask = 2147483647;
			files = (
				EE83438119EC784D000B2A41 /* HaikyuTests.swift in Sources */,
			);
			runOnlyForDeploymentPostprocessing = 0;
		};
/* End PBXSourcesBuildPhase section */

/* Begin PBXTargetDependency section */
		EE83437C19EC784D000B2A41 /* PBXTargetDependency */ = {
			isa = PBXTargetDependency;
			target = EE83436419EC784D000B2A41 /* Haikyu */;
			targetProxy = EE83437B19EC784D000B2A41 /* PBXContainerItemProxy */;
		};
/* End PBXTargetDependency section */

/* Begin PBXVariantGroup section */
		EE83436E19EC784D000B2A41 /* Main.storyboard */ = {
			isa = PBXVariantGroup;
			children = (
				EE83436F19EC784D000B2A41 /* Base */,
			);
			name = Main.storyboard;
			sourceTree = "<group>";
		};
		EE83437319EC784D000B2A41 /* LaunchScreen.xib */ = {
			isa = PBXVariantGroup;
			children = (
				EE83437419EC784D000B2A41 /* Base */,
			);
			name = LaunchScreen.xib;
			sourceTree = "<group>";
		};
/* End PBXVariantGroup section */

/* Begin XCBuildConfiguration section */
		EE83438219EC784D000B2A41 /* Debug */ = {
			isa = XCBuildConfiguration;
			buildSettings = {
				ALWAYS_SEARCH_USER_PATHS = NO;
				CLANG_CXX_LANGUAGE_STANDARD = "gnu++0x";
				CLANG_CXX_LIBRARY = "libc++";
				CLANG_ENABLE_MODULES = YES;
				CLANG_ENABLE_OBJC_ARC = YES;
				CLANG_WARN_BOOL_CONVERSION = YES;
				CLANG_WARN_CONSTANT_CONVERSION = YES;
				CLANG_WARN_DIRECT_OBJC_ISA_USAGE = YES_ERROR;
				CLANG_WARN_EMPTY_BODY = YES;
				CLANG_WARN_ENUM_CONVERSION = YES;
				CLANG_WARN_INT_CONVERSION = YES;
				CLANG_WARN_OBJC_ROOT_CLASS = YES_ERROR;
				CLANG_WARN_UNREACHABLE_CODE = YES;
				CLANG_WARN__DUPLICATE_METHOD_MATCH = YES;
				"CODE_SIGN_IDENTITY[sdk=iphoneos*]" = "iPhone Developer";
				COPY_PHASE_STRIP = NO;
				ENABLE_STRICT_OBJC_MSGSEND = YES;
				GCC_C_LANGUAGE_STANDARD = gnu99;
				GCC_DYNAMIC_NO_PIC = NO;
				GCC_OPTIMIZATION_LEVEL = 0;
				GCC_PREPROCESSOR_DEFINITIONS = (
					"DEBUG=1",
					"$(inherited)",
				);
				GCC_SYMBOLS_PRIVATE_EXTERN = NO;
				GCC_WARN_64_TO_32_BIT_CONVERSION = YES;
				GCC_WARN_ABOUT_RETURN_TYPE = YES_ERROR;
				GCC_WARN_UNDECLARED_SELECTOR = YES;
				GCC_WARN_UNINITIALIZED_AUTOS = YES_AGGRESSIVE;
				GCC_WARN_UNUSED_FUNCTION = YES;
				GCC_WARN_UNUSED_VARIABLE = YES;
				IPHONEOS_DEPLOYMENT_TARGET = 8.0;
				MTL_ENABLE_DEBUG_INFO = YES;
				ONLY_ACTIVE_ARCH = YES;
				SDKROOT = iphoneos;
				SWIFT_OPTIMIZATION_LEVEL = "-Onone";
				TARGETED_DEVICE_FAMILY = "1,2";
			};
			name = Debug;
		};
		EE83438319EC784D000B2A41 /* Release */ = {
			isa = XCBuildConfiguration;
			buildSettings = {
				ALWAYS_SEARCH_USER_PATHS = NO;
				CLANG_CXX_LANGUAGE_STANDARD = "gnu++0x";
				CLANG_CXX_LIBRARY = "libc++";
				CLANG_ENABLE_MODULES = YES;
				CLANG_ENABLE_OBJC_ARC = YES;
				CLANG_WARN_BOOL_CONVERSION = YES;
				CLANG_WARN_CONSTANT_CONVERSION = YES;
				CLANG_WARN_DIRECT_OBJC_ISA_USAGE = YES_ERROR;
				CLANG_WARN_EMPTY_BODY = YES;
				CLANG_WARN_ENUM_CONVERSION = YES;
				CLANG_WARN_INT_CONVERSION = YES;
				CLANG_WARN_OBJC_ROOT_CLASS = YES_ERROR;
				CLANG_WARN_UNREACHABLE_CODE = YES;
				CLANG_WARN__DUPLICATE_METHOD_MATCH = YES;
				"CODE_SIGN_IDENTITY[sdk=iphoneos*]" = "iPhone Developer";
				COPY_PHASE_STRIP = YES;
				ENABLE_NS_ASSERTIONS = NO;
				ENABLE_STRICT_OBJC_MSGSEND = YES;
				GCC_C_LANGUAGE_STANDARD = gnu99;
				GCC_WARN_64_TO_32_BIT_CONVERSION = YES;
				GCC_WARN_ABOUT_RETURN_TYPE = YES_ERROR;
				GCC_WARN_UNDECLARED_SELECTOR = YES;
				GCC_WARN_UNINITIALIZED_AUTOS = YES_AGGRESSIVE;
				GCC_WARN_UNUSED_FUNCTION = YES;
				GCC_WARN_UNUSED_VARIABLE = YES;
				IPHONEOS_DEPLOYMENT_TARGET = 8.0;
				MTL_ENABLE_DEBUG_INFO = NO;
				SDKROOT = iphoneos;
				TARGETED_DEVICE_FAMILY = "1,2";
				VALIDATE_PRODUCT = YES;
			};
			name = Release;
		};
		EE83438519EC784D000B2A41 /* Debug */ = {
			isa = XCBuildConfiguration;
			buildSettings = {
				ASSETCATALOG_COMPILER_APPICON_NAME = AppIcon;
				INFOPLIST_FILE = Haikyu/Info.plist;
				LD_RUNPATH_SEARCH_PATHS = "$(inherited) @executable_path/Frameworks";
				PRODUCT_NAME = "$(TARGET_NAME)";
			};
			name = Debug;
		};
		EE83438619EC784D000B2A41 /* Release */ = {
			isa = XCBuildConfiguration;
			buildSettings = {
				ASSETCATALOG_COMPILER_APPICON_NAME = AppIcon;
				INFOPLIST_FILE = Haikyu/Info.plist;
				LD_RUNPATH_SEARCH_PATHS = "$(inherited) @executable_path/Frameworks";
				PRODUCT_NAME = "$(TARGET_NAME)";
			};
			name = Release;
		};
		EE83438819EC784D000B2A41 /* Debug */ = {
			isa = XCBuildConfiguration;
			buildSettings = {
				BUNDLE_LOADER = "$(TEST_HOST)";
				FRAMEWORK_SEARCH_PATHS = (
					"$(SDKROOT)/Developer/Library/Frameworks",
					"$(inherited)",
				);
				GCC_PREPROCESSOR_DEFINITIONS = (
					"DEBUG=1",
					"$(inherited)",
				);
				INFOPLIST_FILE = HaikyuTests/Info.plist;
				LD_RUNPATH_SEARCH_PATHS = "$(inherited) @executable_path/Frameworks @loader_path/Frameworks";
				PRODUCT_NAME = "$(TARGET_NAME)";
				TEST_HOST = "$(BUILT_PRODUCTS_DIR)/Haikyu.app/Haikyu";
			};
			name = Debug;
		};
		EE83438919EC784D000B2A41 /* Release */ = {
			isa = XCBuildConfiguration;
			buildSettings = {
				BUNDLE_LOADER = "$(TEST_HOST)";
				FRAMEWORK_SEARCH_PATHS = (
					"$(SDKROOT)/Developer/Library/Frameworks",
					"$(inherited)",
				);
				INFOPLIST_FILE = HaikyuTests/Info.plist;
				LD_RUNPATH_SEARCH_PATHS = "$(inherited) @executable_path/Frameworks @loader_path/Frameworks";
				PRODUCT_NAME = "$(TARGET_NAME)";
				TEST_HOST = "$(BUILT_PRODUCTS_DIR)/Haikyu.app/Haikyu";
			};
			name = Release;
		};
/* End XCBuildConfiguration section */

/* Begin XCConfigurationList section */
		EE83436019EC784D000B2A41 /* Build configuration list for PBXProject "Haikyu" */ = {
			isa = XCConfigurationList;
			buildConfigurations = (
				EE83438219EC784D000B2A41 /* Debug */,
				EE83438319EC784D000B2A41 /* Release */,
			);
			defaultConfigurationIsVisible = 0;
			defaultConfigurationName = Release;
		};
		EE83438419EC784D000B2A41 /* Build configuration list for PBXNativeTarget "Haikyu" */ = {
			isa = XCConfigurationList;
			buildConfigurations = (
				EE83438519EC784D000B2A41 /* Debug */,
				EE83438619EC784D000B2A41 /* Release */,
			);
			defaultConfigurationIsVisible = 0;
		};
		EE83438719EC784D000B2A41 /* Build configuration list for PBXNativeTarget "HaikyuTests" */ = {
			isa = XCConfigurationList;
			buildConfigurations = (
				EE83438819EC784D000B2A41 /* Debug */,
				EE83438919EC784D000B2A41 /* Release */,
			);
			defaultConfigurationIsVisible = 0;
		};
/* End XCConfigurationList section */
	};
	rootObject = EE83435D19EC784D000B2A41 /* Project object */;
}
